
Microsoft Visual Studio Solution File, Format Version 12.00
# Visual Studio Version 16
VisualStudioVersion = 16.0.32106.194
MinimumVisualStudioVersion = 10.0.40219.1
Project("{FAE04EC0-301F-11D3-BF4B-00C04F79EFBC}") = "Inheritance", "OOPSQuestions\Inheritance.csproj", "{75F301FD-9988-485D-A6E5-7863A5A294DB}"
EndProject
Global
	GlobalSection(SolutionConfigurationPlatforms) = preSolution
		Debug|Any CPU = Debug|Any CPU
		Release|Any CPU = Release|Any CPU
	EndGlobalSection
	GlobalSection(ProjectConfigurationPlatforms) = postSolution
		{75F301FD-9988-485D-A6E5-7863A5A294DB}.Debug|Any CPU.ActiveCfg = Debug|Any CPU
		{75F301FD-9988-485D-A6E5-7863A5A294DB}.Debug|Any CPU.Build.0 = Debug|Any CPU
		{75F301FD-9988-485D-A6E5-7863A5A294DB}.Release|Any CPU.ActiveCfg = Release|Any CPU
		{75F301FD-9988-485D-A6E5-7863A5A294DB}.Release|Any CPU.Build.0 = Release|Any CPU
	EndGlobalSection
	GlobalSection(SolutionProperties) = preSolution
		HideSolutionNode = FALSE
	EndGlobalSection
	GlobalSection(ExtensibilityGlobals) = postSolution
		SolutionGuid = {0BDA0E59-9607-4739-AE2F-39A2716C6E7D}
	EndGlobalSection
EndGlobal
